
Microsoft Visual Studio Solution File, Format Version 12.00
# Visual Studio Version 17
VisualStudioVersion = 17.14.36109.1
MinimumVisualStudioVersion = 10.0.40219.1
Project("{FAE04EC0-301F-11D3-BF4B-00C04F79EFBC}") = "Pure.Primitives", "Pure.Primitives\Pure.Primitives.csproj", "{77EDEBEE-6761-49A8-9A92-EB58F47F8D86}"
EndProject
Global
	GlobalSection(SolutionConfigurationPlatforms) = preSolution
		Debug|Any CPU = Debug|Any CPU
		Release|Any CPU = Release|Any CPU
	EndGlobalSection
	GlobalSection(ProjectConfigurationPlatforms) = postSolution
		{77EDEBEE-6761-49A8-9A92-EB58F47F8D86}.Debug|Any CPU.ActiveCfg = Debug|Any CPU
		{77EDEBEE-6761-49A8-9A92-EB58F47F8D86}.Debug|Any CPU.Build.0 = Debug|Any CPU
		{77EDEBEE-6761-49A8-9A92-EB58F47F8D86}.Release|Any CPU.ActiveCfg = Release|Any CPU
		{77EDEBEE-6761-49A8-9A92-EB58F47F8D86}.Release|Any CPU.Build.0 = Release|Any CPU
	EndGlobalSection
	GlobalSection(SolutionProperties) = preSolution
		HideSolutionNode = FALSE
	EndGlobalSection
	GlobalSection(ExtensibilityGlobals) = postSolution
		SolutionGuid = {F1C009CA-CE5A-496F-B02F-1D198C3E20F2}
	EndGlobalSection
EndGlobal
